// !$*UTF8*$!
{
	archiveVersion = 1;
	classes = {
	};
	objectVersion = 46;
	objects = {

/* Begin PBXBuildFile section */
		36D436511C82C2F900C13D1F /* main.m in Sources */ = {isa = PBXBuildFile; fileRef = 36D436501C82C2F900C13D1F /* main.m */; };
		36D4365A1C82C2F900C13D1F /* Main.storyboard in Resources */ = {isa = PBXBuildFile; fileRef = 36D436581C82C2F900C13D1F /* Main.storyboard */; };
		36D4365C1C82C2F900C13D1F /* Assets.xcassets in Resources */ = {isa = PBXBuildFile; fileRef = 36D4365B1C82C2F900C13D1F /* Assets.xcassets */; };
		36D4365F1C82C2F900C13D1F /* LaunchScreen.storyboard in Resources */ = {isa = PBXBuildFile; fileRef = 36D4365D1C82C2F900C13D1F /* LaunchScreen.storyboard */; };
		36D4366A1C82C2F900C13D1F /* ViewHierarchyCodeGeneratorTests.m in Sources */ = {isa = PBXBuildFile; fileRef = 36D436691C82C2F900C13D1F /* ViewHierarchyCodeGeneratorTests.m */; };
		36D436791C82C35400C13D1F /* AppDelegate.m in Sources */ = {isa = PBXBuildFile; fileRef = 36D436761C82C35400C13D1F /* AppDelegate.m */; };
		36D4367A1C82C35400C13D1F /* ViewController.m in Sources */ = {isa = PBXBuildFile; fileRef = 36D436781C82C35400C13D1F /* ViewController.m */; };
		36D436881C82C3CA00C13D1F /* RCKConstraintItem.m in Sources */ = {isa = PBXBuildFile; fileRef = 36D4367D1C82C3CA00C13D1F /* RCKConstraintItem.m */; };
		36D436891C82C3CA00C13D1F /* RCKMasonryConstraintsGenerator.m in Sources */ = {isa = PBXBuildFile; fileRef = 36D436801C82C3CA00C13D1F /* RCKMasonryConstraintsGenerator.m */; };
		36D4368A1C82C3CA00C13D1F /* RCKUIKitConstraintsGenerator.m in Sources */ = {isa = PBXBuildFile; fileRef = 36D436821C82C3CA00C13D1F /* RCKUIKitConstraintsGenerator.m */; };
		36D4368B1C82C3CA00C13D1F /* RCKViewHierarchyCodeGenerator.m in Sources */ = {isa = PBXBuildFile; fileRef = 36D436851C82C3CA00C13D1F /* RCKViewHierarchyCodeGenerator.m */; };
		36D4368C1C82C3CA00C13D1F /* RCKViewItem.m in Sources */ = {isa = PBXBuildFile; fileRef = 36D436871C82C3CA00C13D1F /* RCKViewItem.m */; };
/* End PBXBuildFile section */

/* Begin PBXContainerItemProxy section */
		36D436661C82C2F900C13D1F /* PBXContainerItemProxy */ = {
			isa = PBXContainerItemProxy;
			containerPortal = 36D436441C82C2F900C13D1F /* Project object */;
			proxyType = 1;
			remoteGlobalIDString = 36D4364B1C82C2F900C13D1F;
			remoteInfo = ViewHierarchyCodeGenerator;
		};
/* End PBXContainerItemProxy section */

/* Begin PBXFileReference section */
		36D4364C1C82C2F900C13D1F /* ViewHierarchyCodeGenerator.app */ = {isa = PBXFileReference; explicitFileType = wrapper.application; includeInIndex = 0; path = ViewHierarchyCodeGenerator.app; sourceTree = BUILT_PRODUCTS_DIR; };
		36D436501C82C2F900C13D1F /* main.m */ = {isa = PBXFileReference; lastKnownFileType = sourcecode.c.objc; path = main.m; sourceTree = "<group>"; };
		36D436591C82C2F900C13D1F /* Base */ = {isa = PBXFileReference; lastKnownFileType = file.storyboard; name = Base; path = Base.lproj/Main.storyboard; sourceTree = "<group>"; };
		36D4365B1C82C2F900C13D1F /* Assets.xcassets */ = {isa = PBXFileReference; lastKnownFileType = folder.assetcatalog; path = Assets.xcassets; sourceTree = "<group>"; };
		36D4365E1C82C2F900C13D1F /* Base */ = {isa = PBXFileReference; lastKnownFileType = file.storyboard; name = Base; path = Base.lproj/LaunchScreen.storyboard; sourceTree = "<group>"; };
		36D436601C82C2F900C13D1F /* Info.plist */ = {isa = PBXFileReference; lastKnownFileType = text.plist.xml; path = Info.plist; sourceTree = "<group>"; };
		36D436651C82C2F900C13D1F /* ViewHierarchyCodeGeneratorTests.xctest */ = {isa = PBXFileReference; explicitFileType = wrapper.cfbundle; includeInIndex = 0; path = ViewHierarchyCodeGeneratorTests.xctest; sourceTree = BUILT_PRODUCTS_DIR; };
		36D436691C82C2F900C13D1F /* ViewHierarchyCodeGeneratorTests.m */ = {isa = PBXFileReference; lastKnownFileType = sourcecode.c.objc; path = ViewHierarchyCodeGeneratorTests.m; sourceTree = "<group>"; };
		36D4366B1C82C2F900C13D1F /* Info.plist */ = {isa = PBXFileReference; lastKnownFileType = text.plist.xml; path = Info.plist; sourceTree = "<group>"; };
		36D436751C82C35400C13D1F /* AppDelegate.h */ = {isa = PBXFileReference; fileEncoding = 4; lastKnownFileType = sourcecode.c.h; path = AppDelegate.h; sourceTree = "<group>"; };
		36D436761C82C35400C13D1F /* AppDelegate.m */ = {isa = PBXFileReference; fileEncoding = 4; lastKnownFileType = sourcecode.c.objc; path = AppDelegate.m; sourceTree = "<group>"; };
		36D436771C82C35400C13D1F /* ViewController.h */ = {isa = PBXFileReference; fileEncoding = 4; lastKnownFileType = sourcecode.c.h; path = ViewController.h; sourceTree = "<group>"; };
		36D436781C82C35400C13D1F /* ViewController.m */ = {isa = PBXFileReference; fileEncoding = 4; lastKnownFileType = sourcecode.c.objc; path = ViewController.m; sourceTree = "<group>"; };
		36D4367C1C82C3CA00C13D1F /* RCKConstraintItem.h */ = {isa = PBXFileReference; fileEncoding = 4; lastKnownFileType = sourcecode.c.h; path = RCKConstraintItem.h; sourceTree = "<group>"; };
		36D4367D1C82C3CA00C13D1F /* RCKConstraintItem.m */ = {isa = PBXFileReference; fileEncoding = 4; lastKnownFileType = sourcecode.c.objc; path = RCKConstraintItem.m; sourceTree = "<group>"; };
		36D4367E1C82C3CA00C13D1F /* RCKConstraintsGenerator.h */ = {isa = PBXFileReference; fileEncoding = 4; lastKnownFileType = sourcecode.c.h; path = RCKConstraintsGenerator.h; sourceTree = "<group>"; };
		36D4367F1C82C3CA00C13D1F /* RCKMasonryConstraintsGenerator.h */ = {isa = PBXFileReference; fileEncoding = 4; lastKnownFileType = sourcecode.c.h; path = RCKMasonryConstraintsGenerator.h; sourceTree = "<group>"; };
		36D436801C82C3CA00C13D1F /* RCKMasonryConstraintsGenerator.m */ = {isa = PBXFileReference; fileEncoding = 4; lastKnownFileType = sourcecode.c.objc; path = RCKMasonryConstraintsGenerator.m; sourceTree = "<group>"; };
		36D436811C82C3CA00C13D1F /* RCKUIKitConstraintsGenerator.h */ = {isa = PBXFileReference; fileEncoding = 4; lastKnownFileType = sourcecode.c.h; path = RCKUIKitConstraintsGenerator.h; sourceTree = "<group>"; };
		36D436821C82C3CA00C13D1F /* RCKUIKitConstraintsGenerator.m */ = {isa = PBXFileReference; fileEncoding = 4; lastKnownFileType = sourcecode.c.objc; path = RCKUIKitConstraintsGenerator.m; sourceTree = "<group>"; };
		36D436831C82C3CA00C13D1F /* RCKUtilities.h */ = {isa = PBXFileReference; fileEncoding = 4; lastKnownFileType = sourcecode.c.h; path = RCKUtilities.h; sourceTree = "<group>"; };
		36D436841C82C3CA00C13D1F /* RCKViewHierarchyCodeGenerator.h */ = {isa = PBXFileReference; fileEncoding = 4; lastKnownFileType = sourcecode.c.h; path = RCKViewHierarchyCodeGenerator.h; sourceTree = "<group>"; };
		36D436851C82C3CA00C13D1F /* RCKViewHierarchyCodeGenerator.m */ = {isa = PBXFileReference; fileEncoding = 4; lastKnownFileType = sourcecode.c.objc; path = RCKViewHierarchyCodeGenerator.m; sourceTree = "<group>"; };
		36D436861C82C3CA00C13D1F /* RCKViewItem.h */ = {isa = PBXFileReference; fileEncoding = 4; lastKnownFileType = sourcecode.c.h; path = RCKViewItem.h; sourceTree = "<group>"; };
		36D436871C82C3CA00C13D1F /* RCKViewItem.m */ = {isa = PBXFileReference; fileEncoding = 4; lastKnownFileType = sourcecode.c.objc; path = RCKViewItem.m; sourceTree = "<group>"; };
		36D4368D1C82C5F000C13D1F /* distribute.sh */ = {isa = PBXFileReference; lastKnownFileType = text.script.sh; path = distribute.sh; sourceTree = "<group>"; };
/* End PBXFileReference section */

/* Begin PBXFrameworksBuildPhase section */
		36D436491C82C2F900C13D1F /* Frameworks */ = {
			isa = PBXFrameworksBuildPhase;
			buildActionMask = 2147483647;
			files = (
			);
			runOnlyForDeploymentPostprocessing = 0;
		};
		36D436621C82C2F900C13D1F /* Frameworks */ = {
			isa = PBXFrameworksBuildPhase;
			buildActionMask = 2147483647;
			files = (
			);
			runOnlyForDeploymentPostprocessing = 0;
		};
/* End PBXFrameworksBuildPhase section */

/* Begin PBXGroup section */
		36D436431C82C2F900C13D1F = {
			isa = PBXGroup;
			children = (
				36D4368D1C82C5F000C13D1F /* distribute.sh */,
				36D436741C82C35400C13D1F /* Classes */,
				36D4364E1C82C2F900C13D1F /* ViewHierarchyCodeGenerator */,
				36D436681C82C2F900C13D1F /* ViewHierarchyCodeGeneratorTests */,
				36D4364D1C82C2F900C13D1F /* Products */,
			);
			sourceTree = "<group>";
		};
		36D4364D1C82C2F900C13D1F /* Products */ = {
			isa = PBXGroup;
			children = (
				36D4364C1C82C2F900C13D1F /* ViewHierarchyCodeGenerator.app */,
				36D436651C82C2F900C13D1F /* ViewHierarchyCodeGeneratorTests.xctest */,
			);
			name = Products;
			sourceTree = "<group>";
		};
		36D4364E1C82C2F900C13D1F /* ViewHierarchyCodeGenerator */ = {
			isa = PBXGroup;
			children = (
				36D4365B1C82C2F900C13D1F /* Assets.xcassets */,
				36D436581C82C2F900C13D1F /* Main.storyboard */,
				36D4365D1C82C2F900C13D1F /* LaunchScreen.storyboard */,
				36D436601C82C2F900C13D1F /* Info.plist */,
				36D4364F1C82C2F900C13D1F /* Supporting Files */,
			);
			path = ViewHierarchyCodeGenerator;
			sourceTree = "<group>";
		};
		36D4364F1C82C2F900C13D1F /* Supporting Files */ = {
			isa = PBXGroup;
			children = (
				36D436501C82C2F900C13D1F /* main.m */,
			);
			name = "Supporting Files";
			sourceTree = "<group>";
		};
		36D436681C82C2F900C13D1F /* ViewHierarchyCodeGeneratorTests */ = {
			isa = PBXGroup;
			children = (
				36D436691C82C2F900C13D1F /* ViewHierarchyCodeGeneratorTests.m */,
				36D4366B1C82C2F900C13D1F /* Info.plist */,
			);
			path = ViewHierarchyCodeGeneratorTests;
			sourceTree = "<group>";
		};
		36D436741C82C35400C13D1F /* Classes */ = {
			isa = PBXGroup;
			children = (
				36D4367B1C82C3CA00C13D1F /* Generator */,
				36D436751C82C35400C13D1F /* AppDelegate.h */,
				36D436761C82C35400C13D1F /* AppDelegate.m */,
				36D436771C82C35400C13D1F /* ViewController.h */,
				36D436781C82C35400C13D1F /* ViewController.m */,
			);
			path = Classes;
			sourceTree = "<group>";
		};
		36D4367B1C82C3CA00C13D1F /* Generator */ = {
			isa = PBXGroup;
			children = (
				36D436841C82C3CA00C13D1F /* RCKViewHierarchyCodeGenerator.h */,
				36D436851C82C3CA00C13D1F /* RCKViewHierarchyCodeGenerator.m */,
				36D436861C82C3CA00C13D1F /* RCKViewItem.h */,
				36D436871C82C3CA00C13D1F /* RCKViewItem.m */,
				36D4367C1C82C3CA00C13D1F /* RCKConstraintItem.h */,
				36D4367D1C82C3CA00C13D1F /* RCKConstraintItem.m */,
				36D4367E1C82C3CA00C13D1F /* RCKConstraintsGenerator.h */,
				36D436811C82C3CA00C13D1F /* RCKUIKitConstraintsGenerator.h */,
				36D436821C82C3CA00C13D1F /* RCKUIKitConstraintsGenerator.m */,
				36D4367F1C82C3CA00C13D1F /* RCKMasonryConstraintsGenerator.h */,
				36D436801C82C3CA00C13D1F /* RCKMasonryConstraintsGenerator.m */,
				36D436831C82C3CA00C13D1F /* RCKUtilities.h */,
			);
			path = Generator;
			sourceTree = "<group>";
		};
/* End PBXGroup section */

/* Begin PBXNativeTarget section */
		36D4364B1C82C2F900C13D1F /* ViewHierarchyCodeGenerator */ = {
			isa = PBXNativeTarget;
			buildConfigurationList = 36D4366E1C82C2F900C13D1F /* Build configuration list for PBXNativeTarget "ViewHierarchyCodeGenerator" */;
			buildPhases = (
				36D436481C82C2F900C13D1F /* Sources */,
				36D436491C82C2F900C13D1F /* Frameworks */,
				36D4364A1C82C2F900C13D1F /* Resources */,
			);
			buildRules = (
			);
			dependencies = (
			);
			name = ViewHierarchyCodeGenerator;
			productName = ViewHierarchyCodeGenerator;
			productReference = 36D4364C1C82C2F900C13D1F /* ViewHierarchyCodeGenerator.app */;
			productType = "com.apple.product-type.application";
		};
		36D436641C82C2F900C13D1F /* ViewHierarchyCodeGeneratorTests */ = {
			isa = PBXNativeTarget;
			buildConfigurationList = 36D436711C82C2F900C13D1F /* Build configuration list for PBXNativeTarget "ViewHierarchyCodeGeneratorTests" */;
			buildPhases = (
				36D436611C82C2F900C13D1F /* Sources */,
				36D436621C82C2F900C13D1F /* Frameworks */,
				36D436631C82C2F900C13D1F /* Resources */,
			);
			buildRules = (
			);
			dependencies = (
				36D436671C82C2F900C13D1F /* PBXTargetDependency */,
			);
			name = ViewHierarchyCodeGeneratorTests;
			productName = ViewHierarchyCodeGeneratorTests;
			productReference = 36D436651C82C2F900C13D1F /* ViewHierarchyCodeGeneratorTests.xctest */;
			productType = "com.apple.product-type.bundle.unit-test";
		};
/* End PBXNativeTarget section */

/* Begin PBXProject section */
		36D436441C82C2F900C13D1F /* Project object */ = {
			isa = PBXProject;
			attributes = {
				CLASSPREFIX = RCK;
				LastUpgradeCheck = 0720;
				ORGANIZATIONNAME = rock88;
				TargetAttributes = {
					36D4364B1C82C2F900C13D1F = {
						CreatedOnToolsVersion = 7.2.1;
					};
					36D436641C82C2F900C13D1F = {
						CreatedOnToolsVersion = 7.2.1;
						TestTargetID = 36D4364B1C82C2F900C13D1F;
					};
				};
			};
			buildConfigurationList = 36D436471C82C2F900C13D1F /* Build configuration list for PBXProject "ViewHierarchyCodeGenerator" */;
			compatibilityVersion = "Xcode 3.2";
			developmentRegion = English;
			hasScannedForEncodings = 0;
			knownRegions = (
				en,
				Base,
			);
			mainGroup = 36D436431C82C2F900C13D1F;
			productRefGroup = 36D4364D1C82C2F900C13D1F /* Products */;
			projectDirPath = "";
			projectRoot = "";
			targets = (
				36D4364B1C82C2F900C13D1F /* ViewHierarchyCodeGenerator */,
				36D436641C82C2F900C13D1F /* ViewHierarchyCodeGeneratorTests */,
			);
		};
/* End PBXProject section */

/* Begin PBXResourcesBuildPhase section */
		36D4364A1C82C2F900C13D1F /* Resources */ = {
			isa = PBXResourcesBuildPhase;
			buildActionMask = 2147483647;
			files = (
				36D4365F1C82C2F900C13D1F /* LaunchScreen.storyboard in Resources */,
				36D4365C1C82C2F900C13D1F /* Assets.xcassets in Resources */,
				36D4365A1C82C2F900C13D1F /* Main.storyboard in Resources */,
			);
			runOnlyForDeploymentPostprocessing = 0;
		};
		36D436631C82C2F900C13D1F /* Resources */ = {
			isa = PBXResourcesBuildPhase;
			buildActionMask = 2147483647;
			files = (
			);
			runOnlyForDeploymentPostprocessing = 0;
		};
/* End PBXResourcesBuildPhase section */

/* Begin PBXSourcesBuildPhase section */
		36D436481C82C2F900C13D1F /* Sources */ = {
			isa = PBXSourcesBuildPhase;
			buildActionMask = 2147483647;
			files = (
				36D436791C82C35400C13D1F /* AppDelegate.m in Sources */,
				36D4368B1C82C3CA00C13D1F /* RCKViewHierarchyCodeGenerator.m in Sources */,
				36D4368C1C82C3CA00C13D1F /* RCKViewItem.m in Sources */,
				36D436891C82C3CA00C13D1F /* RCKMasonryConstraintsGenerator.m in Sources */,
				36D4368A1C82C3CA00C13D1F /* RCKUIKitConstraintsGenerator.m in Sources */,
				36D436511C82C2F900C13D1F /* main.m in Sources */,
				36D436881C82C3CA00C13D1F /* RCKConstraintItem.m in Sources */,
				36D4367A1C82C35400C13D1F /* ViewController.m in Sources */,
			);
			runOnlyForDeploymentPostprocessing = 0;
		};
		36D436611C82C2F900C13D1F /* Sources */ = {
			isa = PBXSourcesBuildPhase;
			buildActionMask = 2147483647;
			files = (
				36D4366A1C82C2F900C13D1F /* ViewHierarchyCodeGeneratorTests.m in Sources */,
			);
			runOnlyForDeploymentPostprocessing = 0;
		};
/* End PBXSourcesBuildPhase section */

/* Begin PBXTargetDependency section */
		36D436671C82C2F900C13D1F /* PBXTargetDependency */ = {
			isa = PBXTargetDependency;
			target = 36D4364B1C82C2F900C13D1F /* ViewHierarchyCodeGenerator */;
			targetProxy = 36D436661C82C2F900C13D1F /* PBXContainerItemProxy */;
		};
/* End PBXTargetDependency section */

/* Begin PBXVariantGroup section */
		36D436581C82C2F900C13D1F /* Main.storyboard */ = {
			isa = PBXVariantGroup;
			children = (
				36D436591C82C2F900C13D1F /* Base */,
			);
			name = Main.storyboard;
			sourceTree = "<group>";
		};
		36D4365D1C82C2F900C13D1F /* LaunchScreen.storyboard */ = {
			isa = PBXVariantGroup;
			children = (
				36D4365E1C82C2F900C13D1F /* Base */,
			);
			name = LaunchScreen.storyboard;
			sourceTree = "<group>";
		};
/* End PBXVariantGroup section */

/* Begin XCBuildConfiguration section */
		36D4366C1C82C2F900C13D1F /* Debug */ = {
			isa = XCBuildConfiguration;
			buildSettings = {
				ALWAYS_SEARCH_USER_PATHS = NO;
				CLANG_CXX_LANGUAGE_STANDARD = "gnu++0x";
				CLANG_CXX_LIBRARY = "libc++";
				CLANG_ENABLE_MODULES = YES;
				CLANG_ENABLE_OBJC_ARC = YES;
				CLANG_WARN_BOOL_CONVERSION = YES;
				CLANG_WARN_CONSTANT_CONVERSION = YES;
				CLANG_WARN_DIRECT_OBJC_ISA_USAGE = YES_ERROR;
				CLANG_WARN_EMPTY_BODY = YES;
				CLANG_WARN_ENUM_CONVERSION = YES;
				CLANG_WARN_INT_CONVERSION = YES;
				CLANG_WARN_OBJC_ROOT_CLASS = YES_ERROR;
				CLANG_WARN_UNREACHABLE_CODE = YES;
				CLANG_WARN__DUPLICATE_METHOD_MATCH = YES;
				"CODE_SIGN_IDENTITY[sdk=iphoneos*]" = "iPhone Developer";
				COPY_PHASE_STRIP = NO;
				DEBUG_INFORMATION_FORMAT = dwarf;
				ENABLE_STRICT_OBJC_MSGSEND = YES;
				ENABLE_TESTABILITY = YES;
				GCC_C_LANGUAGE_STANDARD = gnu99;
				GCC_DYNAMIC_NO_PIC = NO;
				GCC_NO_COMMON_BLOCKS = YES;
				GCC_OPTIMIZATION_LEVEL = 0;
				GCC_PREPROCESSOR_DEFINITIONS = (
					"DEBUG=1",
					"$(inherited)",
				);
				GCC_WARN_64_TO_32_BIT_CONVERSION = YES;
				GCC_WARN_ABOUT_RETURN_TYPE = YES_ERROR;
				GCC_WARN_UNDECLARED_SELECTOR = YES;
				GCC_WARN_UNINITIALIZED_AUTOS = YES_AGGRESSIVE;
				GCC_WARN_UNUSED_FUNCTION = YES;
				GCC_WARN_UNUSED_VARIABLE = YES;
				IPHONEOS_DEPLOYMENT_TARGET = 9.2;
				MTL_ENABLE_DEBUG_INFO = YES;
				ONLY_ACTIVE_ARCH = YES;
				SDKROOT = iphoneos;
				TARGETED_DEVICE_FAMILY = "1,2";
			};
			name = Debug;
		};
		36D4366D1C82C2F900C13D1F /* Release */ = {
			isa = XCBuildConfiguration;
			buildSettings = {
				ALWAYS_SEARCH_USER_PATHS = NO;
				CLANG_CXX_LANGUAGE_STANDARD = "gnu++0x";
				CLANG_CXX_LIBRARY = "libc++";
				CLANG_ENABLE_MODULES = YES;
				CLANG_ENABLE_OBJC_ARC = YES;
				CLANG_WARN_BOOL_CONVERSION = YES;
				CLANG_WARN_CONSTANT_CONVERSION = YES;
				CLANG_WARN_DIRECT_OBJC_ISA_USAGE = YES_ERROR;
				CLANG_WARN_EMPTY_BODY = YES;
				CLANG_WARN_ENUM_CONVERSION = YES;
				CLANG_WARN_INT_CONVERSION = YES;
				CLANG_WARN_OBJC_ROOT_CLASS = YES_ERROR;
				CLANG_WARN_UNREACHABLE_CODE = YES;
				CLANG_WARN__DUPLICATE_METHOD_MATCH = YES;
				"CODE_SIGN_IDENTITY[sdk=iphoneos*]" = "iPhone Developer";
				COPY_PHASE_STRIP = NO;
				DEBUG_INFORMATION_FORMAT = "dwarf-with-dsym";
				ENABLE_NS_ASSERTIONS = NO;
				ENABLE_STRICT_OBJC_MSGSEND = YES;
				GCC_C_LANGUAGE_STANDARD = gnu99;
				GCC_NO_COMMON_BLOCKS = YES;
				GCC_WARN_64_TO_32_BIT_CONVERSION = YES;
				GCC_WARN_ABOUT_RETURN_TYPE = YES_ERROR;
				GCC_WARN_UNDECLARED_SELECTOR = YES;
				GCC_WARN_UNINITIALIZED_AUTOS = YES_AGGRESSIVE;
				GCC_WARN_UNUSED_FUNCTION = YES;
				GCC_WARN_UNUSED_VARIABLE = YES;
				IPHONEOS_DEPLOYMENT_TARGET = 9.2;
				MTL_ENABLE_DEBUG_INFO = NO;
				SDKROOT = iphoneos;
				TARGETED_DEVICE_FAMILY = "1,2";
				VALIDATE_PRODUCT = YES;
			};
			name = Release;
		};
		36D4366F1C82C2F900C13D1F /* Debug */ = {
			isa = XCBuildConfiguration;
			buildSettings = {
				ASSETCATALOG_COMPILER_APPICON_NAME = AppIcon;
				INFOPLIST_FILE = ViewHierarchyCodeGenerator/Info.plist;
				LD_RUNPATH_SEARCH_PATHS = "$(inherited) @executable_path/Frameworks";
				PRODUCT_BUNDLE_IDENTIFIER = com.rock88dev.ViewHierarchyCodeGenerator;
				PRODUCT_NAME = "$(TARGET_NAME)";
			};
			name = Debug;
		};
		36D436701C82C2F900C13D1F /* Release */ = {
			isa = XCBuildConfiguration;
			buildSettings = {
				ASSETCATALOG_COMPILER_APPICON_NAME = AppIcon;
				INFOPLIST_FILE = ViewHierarchyCodeGenerator/Info.plist;
				LD_RUNPATH_SEARCH_PATHS = "$(inherited) @executable_path/Frameworks";
				PRODUCT_BUNDLE_IDENTIFIER = com.rock88dev.ViewHierarchyCodeGenerator;
				PRODUCT_NAME = "$(TARGET_NAME)";
			};
			name = Release;
		};
		36D436721C82C2F900C13D1F /* Debug */ = {
			isa = XCBuildConfiguration;
			buildSettings = {
				BUNDLE_LOADER = "$(TEST_HOST)";
				INFOPLIST_FILE = ViewHierarchyCodeGeneratorTests/Info.plist;
				LD_RUNPATH_SEARCH_PATHS = "$(inherited) @executable_path/Frameworks @loader_path/Frameworks";
				PRODUCT_BUNDLE_IDENTIFIER = com.rock88dev.ViewHierarchyCodeGeneratorTests;
				PRODUCT_NAME = "$(TARGET_NAME)";
				TEST_HOST = "$(BUILT_PRODUCTS_DIR)/ViewHierarchyCodeGenerator.app/ViewHierarchyCodeGenerator";
			};
			name = Debug;
		};
		36D436731C82C2F900C13D1F /* Release */ = {
			isa = XCBuildConfiguration;
			buildSettings = {
				BUNDLE_LOADER = "$(TEST_HOST)";
				INFOPLIST_FILE = ViewHierarchyCodeGeneratorTests/Info.plist;
				LD_RUNPATH_SEARCH_PATHS = "$(inherited) @executable_path/Frameworks @loader_path/Frameworks";
				PRODUCT_BUNDLE_IDENTIFIER = com.rock88dev.ViewHierarchyCodeGeneratorTests;
				PRODUCT_NAME = "$(TARGET_NAME)";
				TEST_HOST = "$(BUILT_PRODUCTS_DIR)/ViewHierarchyCodeGenerator.app/ViewHierarchyCodeGenerator";
			};
			name = Release;
		};
/* End XCBuildConfiguration section */

/* Begin XCConfigurationList section */
		36D436471C82C2F900C13D1F /* Build configuration list for PBXProject "ViewHierarchyCodeGenerator" */ = {
			isa = XCConfigurationList;
			buildConfigurations = (
				36D4366C1C82C2F900C13D1F /* Debug */,
				36D4366D1C82C2F900C13D1F /* Release */,
			);
			defaultConfigurationIsVisible = 0;
			defaultConfigurationName = Release;
		};
		36D4366E1C82C2F900C13D1F /* Build configuration list for PBXNativeTarget "ViewHierarchyCodeGenerator" */ = {
			isa = XCConfigurationList;
			buildConfigurations = (
				36D4366F1C82C2F900C13D1F /* Debug */,
				36D436701C82C2F900C13D1F /* Release */,
			);
			defaultConfigurationIsVisible = 0;
		};
		36D436711C82C2F900C13D1F /* Build configuration list for PBXNativeTarget "ViewHierarchyCodeGeneratorTests" */ = {
			isa = XCConfigurationList;
			buildConfigurations = (
				36D436721C82C2F900C13D1F /* Debug */,
				36D436731C82C2F900C13D1F /* Release */,
			);
			defaultConfigurationIsVisible = 0;
		};
/* End XCConfigurationList section */
	};
	rootObject = 36D436441C82C2F900C13D1F /* Project object */;
}
